// !$*UTF8*$!
{
	archiveVersion = 1;
	classes = {
	};
	objectVersion = 46;
	objects = {

/* Begin PBXBuildFile section */
		EE0674B1196117910064264E /* Foundation.framework in Frameworks */ = {isa = PBXBuildFile; fileRef = EE0674B0196117910064264E /* Foundation.framework */; };
		EE0674B3196117910064264E /* CoreGraphics.framework in Frameworks */ = {isa = PBXBuildFile; fileRef = EE0674B2196117910064264E /* CoreGraphics.framework */; };
		EE0674B5196117910064264E /* UIKit.framework in Frameworks */ = {isa = PBXBuildFile; fileRef = EE0674B4196117910064264E /* UIKit.framework */; };
		EE0674BB196117910064264E /* InfoPlist.strings in Resources */ = {isa = PBXBuildFile; fileRef = EE0674B9196117910064264E /* InfoPlist.strings */; };
		EE0674BD196117910064264E /* main.m in Sources */ = {isa = PBXBuildFile; fileRef = EE0674BC196117910064264E /* main.m */; };
		EE0674C1196117910064264E /* AppDelegate.m in Sources */ = {isa = PBXBuildFile; fileRef = EE0674C0196117910064264E /* AppDelegate.m */; };
		EE0674C4196117910064264E /* Main.storyboard in Resources */ = {isa = PBXBuildFile; fileRef = EE0674C2196117910064264E /* Main.storyboard */; };
		EE0674C7196117910064264E /* ViewController.m in Sources */ = {isa = PBXBuildFile; fileRef = EE0674C6196117910064264E /* ViewController.m */; };
		EE0674C9196117910064264E /* Images.xcassets in Resources */ = {isa = PBXBuildFile; fileRef = EE0674C8196117910064264E /* Images.xcassets */; };
		EE0674D0196117920064264E /* XCTest.framework in Frameworks */ = {isa = PBXBuildFile; fileRef = EE0674CF196117920064264E /* XCTest.framework */; };
		EE0674D1196117920064264E /* Foundation.framework in Frameworks */ = {isa = PBXBuildFile; fileRef = EE0674B0196117910064264E /* Foundation.framework */; };
		EE0674D2196117920064264E /* UIKit.framework in Frameworks */ = {isa = PBXBuildFile; fileRef = EE0674B4196117910064264E /* UIKit.framework */; };
		EE0674DA196117920064264E /* InfoPlist.strings in Resources */ = {isa = PBXBuildFile; fileRef = EE0674D8196117920064264E /* InfoPlist.strings */; };
		EE0674DC196117920064264E /* KVOChangeLbaleTests.m in Sources */ = {isa = PBXBuildFile; fileRef = EE0674DB196117920064264E /* KVOChangeLbaleTests.m */; };
		EE0674E71961180D0064264E /* Walker.m in Sources */ = {isa = PBXBuildFile; fileRef = EE0674E61961180C0064264E /* Walker.m */; };
/* End PBXBuildFile section */

/* Begin PBXContainerItemProxy section */
		EE0674D3196117920064264E /* PBXContainerItemProxy */ = {
			isa = PBXContainerItemProxy;
			containerPortal = EE0674A5196117910064264E /* Project object */;
			proxyType = 1;
			remoteGlobalIDString = EE0674AC196117910064264E;
			remoteInfo = KVOChangeLbale;
		};
/* End PBXContainerItemProxy section */

/* Begin PBXFileReference section */
		EE0674AD196117910064264E /* KVOChangeLbale.app */ = {isa = PBXFileReference; explicitFileType = wrapper.application; includeInIndex = 0; path = KVOChangeLbale.app; sourceTree = BUILT_PRODUCTS_DIR; };
		EE0674B0196117910064264E /* Foundation.framework */ = {isa = PBXFileReference; lastKnownFileType = wrapper.framework; name = Foundation.framework; path = System/Library/Frameworks/Foundation.framework; sourceTree = SDKROOT; };
		EE0674B2196117910064264E /* CoreGraphics.framework */ = {isa = PBXFileReference; lastKnownFileType = wrapper.framework; name = CoreGraphics.framework; path = System/Library/Frameworks/CoreGraphics.framework; sourceTree = SDKROOT; };
		EE0674B4196117910064264E /* UIKit.framework */ = {isa = PBXFileReference; lastKnownFileType = wrapper.framework; name = UIKit.framework; path = System/Library/Frameworks/UIKit.framework; sourceTree = SDKROOT; };
		EE0674B8196117910064264E /* KVOChangeLbale-Info.plist */ = {isa = PBXFileReference; lastKnownFileType = text.plist.xml; path = "KVOChangeLbale-Info.plist"; sourceTree = "<group>"; };
		EE0674BA196117910064264E /* en */ = {isa = PBXFileReference; lastKnownFileType = text.plist.strings; name = en; path = en.lproj/InfoPlist.strings; sourceTree = "<group>"; };
		EE0674BC196117910064264E /* main.m */ = {isa = PBXFileReference; lastKnownFileType = sourcecode.c.objc; path = main.m; sourceTree = "<group>"; };
		EE0674BE196117910064264E /* KVOChangeLbale-Prefix.pch */ = {isa = PBXFileReference; lastKnownFileType = sourcecode.c.h; path = "KVOChangeLbale-Prefix.pch"; sourceTree = "<group>"; };
		EE0674BF196117910064264E /* AppDelegate.h */ = {isa = PBXFileReference; lastKnownFileType = sourcecode.c.h; path = AppDelegate.h; sourceTree = "<group>"; };
		EE0674C0196117910064264E /* AppDelegate.m */ = {isa = PBXFileReference; lastKnownFileType = sourcecode.c.objc; path = AppDelegate.m; sourceTree = "<group>"; };
		EE0674C3196117910064264E /* Base */ = {isa = PBXFileReference; lastKnownFileType = file.storyboard; name = Base; path = Base.lproj/Main.storyboard; sourceTree = "<group>"; };
		EE0674C5196117910064264E /* ViewController.h */ = {isa = PBXFileReference; lastKnownFileType = sourcecode.c.h; path = ViewController.h; sourceTree = "<group>"; };
		EE0674C6196117910064264E /* ViewController.m */ = {isa = PBXFileReference; lastKnownFileType = sourcecode.c.objc; path = ViewController.m; sourceTree = "<group>"; };
		EE0674C8196117910064264E /* Images.xcassets */ = {isa = PBXFileReference; lastKnownFileType = folder.assetcatalog; path = Images.xcassets; sourceTree = "<group>"; };
		EE0674CE196117920064264E /* KVOChangeLbaleTests.xctest */ = {isa = PBXFileReference; explicitFileType = wrapper.cfbundle; includeInIndex = 0; path = KVOChangeLbaleTests.xctest; sourceTree = BUILT_PRODUCTS_DIR; };
		EE0674CF196117920064264E /* XCTest.framework */ = {isa = PBXFileReference; lastKnownFileType = wrapper.framework; name = XCTest.framework; path = Library/Frameworks/XCTest.framework; sourceTree = DEVELOPER_DIR; };
		EE0674D7196117920064264E /* KVOChangeLbaleTests-Info.plist */ = {isa = PBXFileReference; lastKnownFileType = text.plist.xml; path = "KVOChangeLbaleTests-Info.plist"; sourceTree = "<group>"; };
		EE0674D9196117920064264E /* en */ = {isa = PBXFileReference; lastKnownFileType = text.plist.strings; name = en; path = en.lproj/InfoPlist.strings; sourceTree = "<group>"; };
		EE0674DB196117920064264E /* KVOChangeLbaleTests.m */ = {isa = PBXFileReference; lastKnownFileType = sourcecode.c.objc; path = KVOChangeLbaleTests.m; sourceTree = "<group>"; };
		EE0674E51961180C0064264E /* Walker.h */ = {isa = PBXFileReference; fileEncoding = 4; lastKnownFileType = sourcecode.c.h; path = Walker.h; sourceTree = "<group>"; };
		EE0674E61961180C0064264E /* Walker.m */ = {isa = PBXFileReference; fileEncoding = 4; lastKnownFileType = sourcecode.c.objc; path = Walker.m; sourceTree = "<group>"; };
/* End PBXFileReference section */

/* Begin PBXFrameworksBuildPhase section */
		EE0674AA196117910064264E /* Frameworks */ = {
			isa = PBXFrameworksBuildPhase;
			buildActionMask = 2147483647;
			files = (
				EE0674B3196117910064264E /* CoreGraphics.framework in Frameworks */,
				EE0674B5196117910064264E /* UIKit.framework in Frameworks */,
				EE0674B1196117910064264E /* Foundation.framework in Frameworks */,
			);
			runOnlyForDeploymentPostprocessing = 0;
		};
		EE0674CB196117920064264E /* Frameworks */ = {
			isa = PBXFrameworksBuildPhase;
			buildActionMask = 2147483647;
			files = (
				EE0674D0196117920064264E /* XCTest.framework in Frameworks */,
				EE0674D2196117920064264E /* UIKit.framework in Frameworks */,
				EE0674D1196117920064264E /* Foundation.framework in Frameworks */,
			);
			runOnlyForDeploymentPostprocessing = 0;
		};
/* End PBXFrameworksBuildPhase section */

/* Begin PBXGroup section */
		EE0674A4196117910064264E = {
			isa = PBXGroup;
			children = (
				EE0674B6196117910064264E /* KVOChangeLbale */,
				EE0674D5196117920064264E /* KVOChangeLbaleTests */,
				EE0674AF196117910064264E /* Frameworks */,
				EE0674AE196117910064264E /* Products */,
			);
			sourceTree = "<group>";
		};
		EE0674AE196117910064264E /* Products */ = {
			isa = PBXGroup;
			children = (
				EE0674AD196117910064264E /* KVOChangeLbale.app */,
				EE0674CE196117920064264E /* KVOChangeLbaleTests.xctest */,
			);
			name = Products;
			sourceTree = "<group>";
		};
		EE0674AF196117910064264E /* Frameworks */ = {
			isa = PBXGroup;
			children = (
				EE0674B0196117910064264E /* Foundation.framework */,
				EE0674B2196117910064264E /* CoreGraphics.framework */,
				EE0674B4196117910064264E /* UIKit.framework */,
				EE0674CF196117920064264E /* XCTest.framework */,
			);
			name = Frameworks;
			sourceTree = "<group>";
		};
		EE0674B6196117910064264E /* KVOChangeLbale */ = {
			isa = PBXGroup;
			children = (
				EE0674BF196117910064264E /* AppDelegate.h */,
				EE0674C0196117910064264E /* AppDelegate.m */,
				EE0674C2196117910064264E /* Main.storyboard */,
				EE0674C5196117910064264E /* ViewController.h */,
				EE0674C6196117910064264E /* ViewController.m */,
				EE0674E51961180C0064264E /* Walker.h */,
				EE0674E61961180C0064264E /* Walker.m */,
				EE0674C8196117910064264E /* Images.xcassets */,
				EE0674B7196117910064264E /* Supporting Files */,
			);
			path = KVOChangeLbale;
			sourceTree = "<group>";
		};
		EE0674B7196117910064264E /* Supporting Files */ = {
			isa = PBXGroup;
			children = (
				EE0674B8196117910064264E /* KVOChangeLbale-Info.plist */,
				EE0674B9196117910064264E /* InfoPlist.strings */,
				EE0674BC196117910064264E /* main.m */,
				EE0674BE196117910064264E /* KVOChangeLbale-Prefix.pch */,
			);
			name = "Supporting Files";
			sourceTree = "<group>";
		};
		EE0674D5196117920064264E /* KVOChangeLbaleTests */ = {
			isa = PBXGroup;
			children = (
				EE0674DB196117920064264E /* KVOChangeLbaleTests.m */,
				EE0674D6196117920064264E /* Supporting Files */,
			);
			path = KVOChangeLbaleTests;
			sourceTree = "<group>";
		};
		EE0674D6196117920064264E /* Supporting Files */ = {
			isa = PBXGroup;
			children = (
				EE0674D7196117920064264E /* KVOChangeLbaleTests-Info.plist */,
				EE0674D8196117920064264E /* InfoPlist.strings */,
			);
			name = "Supporting Files";
			sourceTree = "<group>";
		};
/* End PBXGroup section */

/* Begin PBXNativeTarget section */
		EE0674AC196117910064264E /* KVOChangeLbale */ = {
			isa = PBXNativeTarget;
			buildConfigurationList = EE0674DF196117920064264E /* Build configuration list for PBXNativeTarget "KVOChangeLbale" */;
			buildPhases = (
				EE0674A9196117910064264E /* Sources */,
				EE0674AA196117910064264E /* Frameworks */,
				EE0674AB196117910064264E /* Resources */,
			);
			buildRules = (
			);
			dependencies = (
			);
			name = KVOChangeLbale;
			productName = KVOChangeLbale;
			productReference = EE0674AD196117910064264E /* KVOChangeLbale.app */;
			productType = "com.apple.product-type.application";
		};
		EE0674CD196117920064264E /* KVOChangeLbaleTests */ = {
			isa = PBXNativeTarget;
			buildConfigurationList = EE0674E2196117920064264E /* Build configuration list for PBXNativeTarget "KVOChangeLbaleTests" */;
			buildPhases = (
				EE0674CA196117920064264E /* Sources */,
				EE0674CB196117920064264E /* Frameworks */,
				EE0674CC196117920064264E /* Resources */,
			);
			buildRules = (
			);
			dependencies = (
				EE0674D4196117920064264E /* PBXTargetDependency */,
			);
			name = KVOChangeLbaleTests;
			productName = KVOChangeLbaleTests;
			productReference = EE0674CE196117920064264E /* KVOChangeLbaleTests.xctest */;
			productType = "com.apple.product-type.bundle.unit-test";
		};
/* End PBXNativeTarget section */

/* Begin PBXProject section */
		EE0674A5196117910064264E /* Project object */ = {
			isa = PBXProject;
			attributes = {
				LastUpgradeCheck = 0510;
				ORGANIZATIONNAME = "gavin.gu@live.com";
				TargetAttributes = {
					EE0674CD196117920064264E = {
						TestTargetID = EE0674AC196117910064264E;
					};
				};
			};
			buildConfigurationList = EE0674A8196117910064264E /* Build configuration list for PBXProject "KVOChangeLbale" */;
			compatibilityVersion = "Xcode 3.2";
			developmentRegion = English;
			hasScannedForEncodings = 0;
			knownRegions = (
				en,
				Base,
			);
			mainGroup = EE0674A4196117910064264E;
			productRefGroup = EE0674AE196117910064264E /* Products */;
			projectDirPath = "";
			projectRoot = "";
			targets = (
				EE0674AC196117910064264E /* KVOChangeLbale */,
				EE0674CD196117920064264E /* KVOChangeLbaleTests */,
			);
		};
/* End PBXProject section */

/* Begin PBXResourcesBuildPhase section */
		EE0674AB196117910064264E /* Resources */ = {
			isa = PBXResourcesBuildPhase;
			buildActionMask = 2147483647;
			files = (
				EE0674C9196117910064264E /* Images.xcassets in Resources */,
				EE0674BB196117910064264E /* InfoPlist.strings in Resources */,
				EE0674C4196117910064264E /* Main.storyboard in Resources */,
			);
			runOnlyForDeploymentPostprocessing = 0;
		};
		EE0674CC196117920064264E /* Resources */ = {
			isa = PBXResourcesBuildPhase;
			buildActionMask = 2147483647;
			files = (
				EE0674DA196117920064264E /* InfoPlist.strings in Resources */,
			);
			runOnlyForDeploymentPostprocessing = 0;
		};
/* End PBXResourcesBuildPhase section */

/* Begin PBXSourcesBuildPhase section */
		EE0674A9196117910064264E /* Sources */ = {
			isa = PBXSourcesBuildPhase;
			buildActionMask = 2147483647;
			files = (
				EE0674C7196117910064264E /* ViewController.m in Sources */,
				EE0674E71961180D0064264E /* Walker.m in Sources */,
				EE0674C1196117910064264E /* AppDelegate.m in Sources */,
				EE0674BD196117910064264E /* main.m in Sources */,
			);
			runOnlyForDeploymentPostprocessing = 0;
		};
		EE0674CA196117920064264E /* Sources */ = {
			isa = PBXSourcesBuildPhase;
			buildActionMask = 2147483647;
			files = (
				EE0674DC196117920064264E /* KVOChangeLbaleTests.m in Sources */,
			);
			runOnlyForDeploymentPostprocessing = 0;
		};
/* End PBXSourcesBuildPhase section */

/* Begin PBXTargetDependency section */
		EE0674D4196117920064264E /* PBXTargetDependency */ = {
			isa = PBXTargetDependency;
			target = EE0674AC196117910064264E /* KVOChangeLbale */;
			targetProxy = EE0674D3196117920064264E /* PBXContainerItemProxy */;
		};
/* End PBXTargetDependency section */

/* Begin PBXVariantGroup section */
		EE0674B9196117910064264E /* InfoPlist.strings */ = {
			isa = PBXVariantGroup;
			children = (
				EE0674BA196117910064264E /* en */,
			);
			name = InfoPlist.strings;
			sourceTree = "<group>";
		};
		EE0674C2196117910064264E /* Main.storyboard */ = {
			isa = PBXVariantGroup;
			children = (
				EE0674C3196117910064264E /* Base */,
			);
			name = Main.storyboard;
			sourceTree = "<group>";
		};
		EE0674D8196117920064264E /* InfoPlist.strings */ = {
			isa = PBXVariantGroup;
			children = (
				EE0674D9196117920064264E /* en */,
			);
			name = InfoPlist.strings;
			sourceTree = "<group>";
		};
/* End PBXVariantGroup section */

/* Begin XCBuildConfiguration section */
		EE0674DD196117920064264E /* Debug */ = {
			isa = XCBuildConfiguration;
			buildSettings = {
				ALWAYS_SEARCH_USER_PATHS = NO;
				CLANG_CXX_LANGUAGE_STANDARD = "gnu++0x";
				CLANG_CXX_LIBRARY = "libc++";
				CLANG_ENABLE_MODULES = YES;
				CLANG_ENABLE_OBJC_ARC = YES;
				CLANG_WARN_BOOL_CONVERSION = YES;
				CLANG_WARN_CONSTANT_CONVERSION = YES;
				CLANG_WARN_DIRECT_OBJC_ISA_USAGE = YES_ERROR;
				CLANG_WARN_EMPTY_BODY = YES;
				CLANG_WARN_ENUM_CONVERSION = YES;
				CLANG_WARN_INT_CONVERSION = YES;
				CLANG_WARN_OBJC_ROOT_CLASS = YES_ERROR;
				CLANG_WARN__DUPLICATE_METHOD_MATCH = YES;
				"CODE_SIGN_IDENTITY[sdk=iphoneos*]" = "iPhone Developer";
				COPY_PHASE_STRIP = NO;
				GCC_C_LANGUAGE_STANDARD = gnu99;
				GCC_DYNAMIC_NO_PIC = NO;
				GCC_OPTIMIZATION_LEVEL = 0;
				GCC_PREPROCESSOR_DEFINITIONS = (
					"DEBUG=1",
					"$(inherited)",
				);
				GCC_SYMBOLS_PRIVATE_EXTERN = NO;
				GCC_WARN_64_TO_32_BIT_CONVERSION = YES;
				GCC_WARN_ABOUT_RETURN_TYPE = YES_ERROR;
				GCC_WARN_UNDECLARED_SELECTOR = YES;
				GCC_WARN_UNINITIALIZED_AUTOS = YES_AGGRESSIVE;
				GCC_WARN_UNUSED_FUNCTION = YES;
				GCC_WARN_UNUSED_VARIABLE = YES;
				IPHONEOS_DEPLOYMENT_TARGET = 7.1;
				ONLY_ACTIVE_ARCH = YES;
				SDKROOT = iphoneos;
			};
			name = Debug;
		};
		EE0674DE196117920064264E /* Release */ = {
			isa = XCBuildConfiguration;
			buildSettings = {
				ALWAYS_SEARCH_USER_PATHS = NO;
				CLANG_CXX_LANGUAGE_STANDARD = "gnu++0x";
				CLANG_CXX_LIBRARY = "libc++";
				CLANG_ENABLE_MODULES = YES;
				CLANG_ENABLE_OBJC_ARC = YES;
				CLANG_WARN_BOOL_CONVERSION = YES;
				CLANG_WARN_CONSTANT_CONVERSION = YES;
				CLANG_WARN_DIRECT_OBJC_ISA_USAGE = YES_ERROR;
				CLANG_WARN_EMPTY_BODY = YES;
				CLANG_WARN_ENUM_CONVERSION = YES;
				CLANG_WARN_INT_CONVERSION = YES;
				CLANG_WARN_OBJC_ROOT_CLASS = YES_ERROR;
				CLANG_WARN__DUPLICATE_METHOD_MATCH = YES;
				"CODE_SIGN_IDENTITY[sdk=iphoneos*]" = "iPhone Developer";
				COPY_PHASE_STRIP = YES;
				ENABLE_NS_ASSERTIONS = NO;
				GCC_C_LANGUAGE_STANDARD = gnu99;
				GCC_WARN_64_TO_32_BIT_CONVERSION = YES;
				GCC_WARN_ABOUT_RETURN_TYPE = YES_ERROR;
				GCC_WARN_UNDECLARED_SELECTOR = YES;
				GCC_WARN_UNINITIALIZED_AUTOS = YES_AGGRESSIVE;
				GCC_WARN_UNUSED_FUNCTION = YES;
				GCC_WARN_UNUSED_VARIABLE = YES;
				IPHONEOS_DEPLOYMENT_TARGET = 7.1;
				SDKROOT = iphoneos;
				VALIDATE_PRODUCT = YES;
			};
			name = Release;
		};
		EE0674E0196117920064264E /* Debug */ = {
			isa = XCBuildConfiguration;
			buildSettings = {
				ASSETCATALOG_COMPILER_APPICON_NAME = AppIcon;
				ASSETCATALOG_COMPILER_LAUNCHIMAGE_NAME = LaunchImage;
				GCC_PRECOMPILE_PREFIX_HEADER = YES;
				GCC_PREFIX_HEADER = "KVOChangeLbale/KVOChangeLbale-Prefix.pch";
				INFOPLIST_FILE = "KVOChangeLbale/KVOChangeLbale-Info.plist";
				PRODUCT_NAME = "$(TARGET_NAME)";
				WRAPPER_EXTENSION = app;
			};
			name = Debug;
		};
		EE0674E1196117920064264E /* Release */ = {
			isa = XCBuildConfiguration;
			buildSettings = {
				ASSETCATALOG_COMPILER_APPICON_NAME = AppIcon;
				ASSETCATALOG_COMPILER_LAUNCHIMAGE_NAME = LaunchImage;
				GCC_PRECOMPILE_PREFIX_HEADER = YES;
				GCC_PREFIX_HEADER = "KVOChangeLbale/KVOChangeLbale-Prefix.pch";
				INFOPLIST_FILE = "KVOChangeLbale/KVOChangeLbale-Info.plist";
				PRODUCT_NAME = "$(TARGET_NAME)";
				WRAPPER_EXTENSION = app;
			};
			name = Release;
		};
		EE0674E3196117920064264E /* Debug */ = {
			isa = XCBuildConfiguration;
			buildSettings = {
				BUNDLE_LOADER = "$(BUILT_PRODUCTS_DIR)/KVOChangeLbale.app/KVOChangeLbale";
				FRAMEWORK_SEARCH_PATHS = (
					"$(SDKROOT)/Developer/Library/Frameworks",
					"$(inherited)",
					"$(DEVELOPER_FRAMEWORKS_DIR)",
				);
				GCC_PRECOMPILE_PREFIX_HEADER = YES;
				GCC_PREFIX_HEADER = "KVOChangeLbale/KVOChangeLbale-Prefix.pch";
				GCC_PREPROCESSOR_DEFINITIONS = (
					"DEBUG=1",
					"$(inherited)",
				);
				INFOPLIST_FILE = "KVOChangeLbaleTests/KVOChangeLbaleTests-Info.plist";
				PRODUCT_NAME = "$(TARGET_NAME)";
				TEST_HOST = "$(BUNDLE_LOADER)";
				WRAPPER_EXTENSION = xctest;
			};
			name = Debug;
		};
		EE0674E4196117920064264E /* Release */ = {
			isa = XCBuildConfiguration;
			buildSettings = {
				BUNDLE_LOADER = "$(BUILT_PRODUCTS_DIR)/KVOChangeLbale.app/KVOChangeLbale";
				FRAMEWORK_SEARCH_PATHS = (
					"$(SDKROOT)/Developer/Library/Frameworks",
					"$(inherited)",
					"$(DEVELOPER_FRAMEWORKS_DIR)",
				);
				GCC_PRECOMPILE_PREFIX_HEADER = YES;
				GCC_PREFIX_HEADER = "KVOChangeLbale/KVOChangeLbale-Prefix.pch";
				INFOPLIST_FILE = "KVOChangeLbaleTests/KVOChangeLbaleTests-Info.plist";
				PRODUCT_NAME = "$(TARGET_NAME)";
				TEST_HOST = "$(BUNDLE_LOADER)";
				WRAPPER_EXTENSION = xctest;
			};
			name = Release;
		};
/* End XCBuildConfiguration section */

/* Begin XCConfigurationList section */
		EE0674A8196117910064264E /* Build configuration list for PBXProject "KVOChangeLbale" */ = {
			isa = XCConfigurationList;
			buildConfigurations = (
				EE0674DD196117920064264E /* Debug */,
				EE0674DE196117920064264E /* Release */,
			);
			defaultConfigurationIsVisible = 0;
			defaultConfigurationName = Release;
		};
		EE0674DF196117920064264E /* Build configuration list for PBXNativeTarget "KVOChangeLbale" */ = {
			isa = XCConfigurationList;
			buildConfigurations = (
				EE0674E0196117920064264E /* Debug */,
				EE0674E1196117920064264E /* Release */,
			);
			defaultConfigurationIsVisible = 0;
		};
		EE0674E2196117920064264E /* Build configuration list for PBXNativeTarget "KVOChangeLbaleTests" */ = {
			isa = XCConfigurationList;
			buildConfigurations = (
				EE0674E3196117920064264E /* Debug */,
				EE0674E4196117920064264E /* Release */,
			);
			defaultConfigurationIsVisible = 0;
		};
/* End XCConfigurationList section */
	};
	rootObject = EE0674A5196117910064264E /* Project object */;
}
